{
  "version": 4,
  "terraform_version": "1.3.8",
  "serial": 4,
  "lineage": "ab382213-b9d4-3cc2-4b27-87ad1565de0a",
  "outputs": {
    "octopus_space_id": {
      "value": "Spaces-2",
      "type": "string"
    }
  },
  "resources": [
    {
      "mode": "data",
      "type": "octopusdeploy_feeds",
      "name": "built_in_feed",
      "provider": "provider[\"registry.terraform.io/octopusdeploylabs/octopusdeploy\"]",
      "instances": [
        {
          "schema_version": 0,
          "attributes": {
            "feed_type": "BuiltIn",
            "feeds": [
              {
                "access_key": "",
                "api_version": "",
                "delete_unreleased_packages_after_days": 0,
                "download_attempts": 0,
                "download_retry_backoff_seconds": 0,
                "feed_type": "BuiltIn",
                "feed_uri": "",
                "id": "Feeds-1001",
                "is_enhanced_mode": false,
                "name": "Octopus Server (built-in)",
                "package_acquisition_location_options": [
                  "Server"
                ],
                "password": "",
                "region": "",
                "registry_path": "",
                "secret_key": "",
                "space_id": "Spaces-2",
                "username": ""
              }
            ],
            "id": "Feeds 2023-02-15 07:47:34.132545028 +0000 UTC",
            "ids": null,
            "name": null,
            "partial_name": null,
            "skip": 0,
            "take": 1
          },
          "sensitive_attributes": []
        }
      ]
    },
    {
      "mode": "data",
      "type": "octopusdeploy_lifecycles",
      "name": "lifecycle_default_lifecycle",
      "provider": "provider[\"registry.terraform.io/octopusdeploylabs/octopusdeploy\"]",
      "instances": [
        {
          "schema_version": 0,
          "attributes": {
            "id": "Lifecycles 2023-02-15 07:47:34.09066781 +0000 UTC",
            "ids": null,
            "lifecycles": [
              {
                "description": "",
                "id": "Lifecycles-2",
                "name": "Default Lifecycle",
                "phase": [],
                "release_retention_policy": [
                  {
                    "quantity_to_keep": 0,
                    "should_keep_forever": true,
                    "unit": "Items"
                  }
                ],
                "space_id": "Spaces-2",
                "tentacle_retention_policy": [
                  {
                    "quantity_to_keep": 0,
                    "should_keep_forever": true,
                    "unit": "Items"
                  }
                ]
              }
            ],
            "partial_name": "Default Lifecycle",
            "skip": 0,
            "take": 1
          },
          "sensitive_attributes": []
        }
      ]
    },
    {
      "mode": "data",
      "type": "octopusdeploy_worker_pools",
      "name": "workerpool_default",
      "provider": "provider[\"registry.terraform.io/octopusdeploylabs/octopusdeploy\"]",
      "instances": [
        {
          "schema_version": 0,
          "attributes": {
            "id": "Worker Pools 2023-02-15 07:47:34.089875113 +0000 UTC",
            "ids": null,
            "name": "Default Worker Pool",
            "partial_name": null,
            "skip": 0,
            "take": 1,
            "worker_pools": [
              {
                "can_add_workers": true,
                "description": "Default pool of workers",
                "id": "WorkerPools-2",
                "is_default": true,
                "name": "Default Worker Pool",
                "sort_order": 0,
                "space_id": "Spaces-2",
                "worker_pool_type": "StaticWorkerPool",
                "worker_type": ""
              }
            ]
          },
          "sensitive_attributes": []
        }
      ]
    },
    {
      "mode": "managed",
      "type": "octopusdeploy_deployment_process",
      "name": "deploy_backend",
      "provider": "provider[\"registry.terraform.io/octopusdeploylabs/octopusdeploy\"]",
      "instances": [
        {
          "schema_version": 0,
          "attributes": {
            "branch": "",
            "id": "deploymentprocess-Projects-1",
            "last_snapshot_id": "",
            "project_id": "Projects-1",
            "space_id": "Spaces-2",
            "step": [
              {
                "action": [],
                "apply_terraform_template_action": [
                  {
                    "action_template": [],
                    "advanced_options": [
                      {
                        "allow_additional_plugin_downloads": true,
                        "apply_parameters": "",
                        "init_parameters": "",
                        "plugin_cache_directory": "",
                        "workspace": ""
                      }
                    ],
                    "aws_account": [],
                    "azure_account": [],
                    "can_be_used_for_project_versioning": true,
                    "channels": [],
                    "condition": "Success",
                    "container": [
                      {
                        "feed_id": "",
                        "image": ""
                      }
                    ],
                    "environments": [],
                    "excluded_environments": [],
                    "features": [],
                    "google_cloud_account": [],
                    "id": "fe611e14-c1e7-4e44-8721-1968f1292ae2",
                    "is_disabled": false,
                    "is_required": false,
                    "name": "Test",
                    "notes": "",
                    "package": [],
                    "primary_package": [
                      {
                        "acquisition_location": "Server",
                        "feed_id": "Feeds-1001",
                        "id": "756a1217-1b29-4975-8a97-4e917cdae144",
                        "name": "",
                        "package_id": "terraform",
                        "properties": {
                          "SelectionMode": "immediate"
                        }
                      }
                    ],
                    "properties": {
                      "Octopus.Action.GoogleCloud.ImpersonateServiceAccount": "False",
                      "Octopus.Action.GoogleCloud.UseVMServiceAccount": "True",
                      "Octopus.Action.Package.DownloadOnTentacle": "False",
                      "Octopus.Action.Package.FeedId": "Feeds-1001",
                      "Octopus.Action.Package.PackageId": "terraform",
                      "Octopus.Action.RunOnServer": "True",
                      "Octopus.Action.Script.ScriptSource": "Package",
                      "Octopus.Action.Terraform.AllowPluginDownloads": "True",
                      "Octopus.Action.Terraform.AzureAccount": "False",
                      "Octopus.Action.Terraform.GoogleCloudAccount": "False",
                      "Octopus.Action.Terraform.ManagedAccount": "None",
                      "Octopus.Action.Terraform.PlanJsonOutput": "False",
                      "Octopus.Action.Terraform.RunAutomaticFileSubstitution": "True",
                      "Octopus.Action.Terraform.TemplateDirectory": "blah"
                    },
                    "run_on_server": true,
                    "template": [
                      {
                        "additional_variable_files": "",
                        "directory": "blah",
                        "run_automatic_file_substitution": true,
                        "target_files": ""
                      }
                    ],
                    "template_parameters": "",
                    "tenant_tags": []
                  }
                ],
                "condition": "Success",
                "condition_expression": "",
                "deploy_kubernetes_secret_action": [],
                "deploy_package_action": [],
                "deploy_windows_service_action": [],
                "id": "42f4b73f-a855-4b9e-9257-658880682855",
                "manual_intervention_action": [],
                "name": "Test",
                "package_requirement": "LetOctopusDecide",
                "properties": {},
                "run_kubectl_script_action": [],
                "run_script_action": [],
                "start_trigger": "StartAfterPrevious",
                "target_roles": [],
                "window_size": ""
              }
            ],
            "version": 1
          },
          "sensitive_attributes": [],
          "private": "bnVsbA==",
          "dependencies": [
            "data.octopusdeploy_feeds.built_in_feed",
            "data.octopusdeploy_lifecycles.lifecycle_default_lifecycle",
            "octopusdeploy_project.deploy_frontend_project",
            "octopusdeploy_project_group.project_group_test"
          ]
        }
      ]
    },
    {
      "mode": "managed",
      "type": "octopusdeploy_project",
      "name": "deploy_frontend_project",
      "provider": "provider[\"registry.terraform.io/octopusdeploylabs/octopusdeploy\"]",
      "instances": [
        {
          "schema_version": 0,
          "attributes": {
            "allow_deployments_to_no_targets": null,
            "auto_create_release": false,
            "auto_deploy_release_overrides": [],
            "cloned_from_project_id": "",
            "connectivity_policy": [
              {
                "allow_deployments_to_no_targets": false,
                "exclude_unhealthy_targets": false,
                "skip_machine_behavior": "SkipUnavailableMachines",
                "target_roles": []
              }
            ],
            "default_guided_failure_mode": "EnvironmentDefault",
            "default_to_skip_if_already_installed": false,
            "deployment_changes_template": "",
            "deployment_process_id": "deploymentprocess-Projects-1",
            "description": "Test project",
            "discrete_channel_release": false,
            "git_anonymous_persistence_settings": [],
            "git_library_persistence_settings": [],
            "git_username_password_persistence_settings": [],
            "id": "Projects-1",
            "included_library_variable_sets": [],
            "is_disabled": false,
            "is_discrete_channel_release": false,
            "is_version_controlled": false,
            "jira_service_management_extension_settings": [],
            "lifecycle_id": "Lifecycles-2",
            "name": "Test",
            "project_group_id": "ProjectGroups-3",
            "release_creation_strategy": [
              {
                "channel_id": "",
                "release_creation_package": [],
                "release_creation_package_step_id": ""
              }
            ],
            "release_notes_template": "",
            "servicenow_extension_settings": [],
            "slug": "test",
            "space_id": "Spaces-2",
            "template": [],
            "tenanted_deployment_participation": "Untenanted",
            "variable_set_id": "variableset-Projects-1",
            "versioning_strategy": [
              {
                "donor_package": [],
                "donor_package_step_id": "",
                "template": "#{Octopus.Version.LastMajor}.#{Octopus.Version.LastMinor}.#{Octopus.Version.LastPatch}.#{Octopus.Version.NextRevision}"
              }
            ]
          },
          "sensitive_attributes": [],
          "private": "bnVsbA==",
          "dependencies": [
            "data.octopusdeploy_lifecycles.lifecycle_default_lifecycle",
            "octopusdeploy_project_group.project_group_test"
          ]
        }
      ]
    },
    {
      "mode": "managed",
      "type": "octopusdeploy_project_group",
      "name": "project_group_test",
      "provider": "provider[\"registry.terraform.io/octopusdeploylabs/octopusdeploy\"]",
      "instances": [
        {
          "schema_version": 0,
          "attributes": {
            "description": "Test Description",
            "id": "ProjectGroups-3",
            "name": "Test",
            "retention_policy_id": "",
            "space_id": "Spaces-2"
          },
          "sensitive_attributes": [],
          "private": "bnVsbA=="
        }
      ]
    }
  ],
  "check_results": null
}
