{
  "version": 4,
  "terraform_version": "1.3.9",
  "serial": 2,
  "lineage": "9440cca1-b932-d3e2-a48d-31fa877e11d9",
  "outputs": {
    "octopus_space_id": {
      "value": "Spaces-3",
      "type": "string"
    }
  },
  "resources": [
    {
      "mode": "managed",
      "type": "octopusdeploy_space",
      "name": "octopus_space_test",
      "provider": "provider[\"registry.terraform.io/octopusdeploylabs/octopusdeploy\"]",
      "instances": [
        {
          "schema_version": 0,
          "attributes": {
            "description": "My test space",
            "id": "Spaces-3",
            "is_default": false,
            "is_task_queue_stopped": false,
            "name": "Test",
            "slug": "test",
            "space_managers_team_members": [],
            "space_managers_teams": [
              "teams-administrators"
            ]
          },
          "sensitive_attributes": [],
          "private": "bnVsbA=="
        }
      ]
    }
  ],
  "check_results": null
}
